version = 1
revision = 2
requires-python = ">=3.12"

[[package]]
name = "libsass"
version = "0.23.0"
source = { registry = "https://pypi.org/simple" }
sdist = { url = "https://files.pythonhosted.org/packages/79/b4/ab091585eaa77299558e3289ca206846aefc123fb320b5656ab2542c20ad/libsass-0.23.0.tar.gz", hash = "sha256:6f209955ede26684e76912caf329f4ccb57e4a043fd77fe0e7348dd9574f1880", size = 316068, upload-time = "2024-01-06T18:53:05.404Z" }
wheels = [
    { url = "https://files.pythonhosted.org/packages/e5/13/fc1bea1de880ca935137183727c7d4dd921c4128fc08b8ddc3698ba5a8a3/libsass-0.23.0-cp38-abi3-macosx_11_0_x86_64.whl", hash = "sha256:34cae047cbbfc4ffa832a61cbb110f3c95f5471c6170c842d3fed161e40814dc", size = 1086783, upload-time = "2024-01-06T19:02:38.903Z" },
    { url = "https://files.pythonhosted.org/packages/55/2f/6af938651ff3aec0a0b00742209df1172bc297fa73531f292801693b7315/libsass-0.23.0-cp38-abi3-macosx_14_0_arm64.whl", hash = "sha256:ea97d1b45cdc2fc3590cb9d7b60f1d8915d3ce17a98c1f2d4dd47ee0d9c68ce6", size = 982759, upload-time = "2024-01-06T19:02:41.331Z" },
    { url = "https://files.pythonhosted.org/packages/fd/5a/eb5b62641df0459a3291fc206cf5bd669c0feed7814dded8edef4ade8512/libsass-0.23.0-cp38-abi3-manylinux_2_5_x86_64.manylinux1_x86_64.whl", hash = "sha256:4a218406d605f325d234e4678bd57126a66a88841cb95bee2caeafdc6f138306", size = 9444543, upload-time = "2024-01-06T19:02:43.191Z" },
    { url = "https://files.pythonhosted.org/packages/e5/fc/275783f5120970d859ae37d04b6a60c13bdec2aa4294b9dfa8a37b5c2513/libsass-0.23.0-cp38-abi3-win32.whl", hash = "sha256:31e86d92a5c7a551df844b72d83fc2b5e50abc6fbbb31e296f7bebd6489ed1b4", size = 775481, upload-time = "2024-01-06T19:02:46.05Z" },
    { url = "https://files.pythonhosted.org/packages/ef/20/caf3c7cf2432d85263119798c45221ddf67bdd7dae8f626d14ff8db04040/libsass-0.23.0-cp38-abi3-win_amd64.whl", hash = "sha256:a2ec85d819f353cbe807432d7275d653710d12b08ec7ef61c124a580a8352f3c", size = 872914, upload-time = "2024-01-06T19:02:47.61Z" },
]

[[package]]
name = "pyqt6"
version = "6.9.1"
source = { registry = "https://pypi.org/simple" }
dependencies = [
    { name = "pyqt6-qt6" },
    { name = "pyqt6-sip" },
]
sdist = { url = "https://files.pythonhosted.org/packages/32/1b/567f46eb43ca961efd38d7a0b73efb70d7342854f075fd919179fdb2a571/pyqt6-6.9.1.tar.gz", hash = "sha256:50642be03fb40f1c2111a09a1f5a0f79813e039c15e78267e6faaf8a96c1c3a6", size = 1067230, upload-time = "2025-06-06T08:49:30.307Z" }
wheels = [
    { url = "https://files.pythonhosted.org/packages/18/c4/fc2a69cf3df09b213185ef5a677c3940cd20e7855d29e40061a685b9c6ee/pyqt6-6.9.1-cp39-abi3-macosx_10_14_universal2.whl", hash = "sha256:33c23d28f6608747ecc8bfd04c8795f61631af9db4fb1e6c2a7523ec4cc916d9", size = 59770566, upload-time = "2025-06-06T08:48:20.331Z" },
    { url = "https://files.pythonhosted.org/packages/d5/78/92f3c46440a83ebe22ae614bd6792e7b052bcb58ff128f677f5662015184/pyqt6-6.9.1-cp39-abi3-manylinux_2_28_x86_64.whl", hash = "sha256:37884df27f774e2e1c0c96fa41e817a222329b80ffc6241725b0dc8c110acb35", size = 37804959, upload-time = "2025-06-06T08:48:39.587Z" },
    { url = "https://files.pythonhosted.org/packages/5a/5e/e77fa2761d809cd08d724f44af01a4b6ceb0ff9648e43173187b0e4fac4e/pyqt6-6.9.1-cp39-abi3-manylinux_2_39_aarch64.whl", hash = "sha256:055870b703c1a49ca621f8a89e2ec4d848e6c739d39367eb9687af3b056d9aa3", size = 40414608, upload-time = "2025-06-06T08:49:00.26Z" },
    { url = "https://files.pythonhosted.org/packages/c4/09/69cf80456b6a985e06dd24ed0c2d3451e43567bf2807a5f3a86ef7a74a2e/pyqt6-6.9.1-cp39-abi3-win_amd64.whl", hash = "sha256:15b95bd273bb6288b070ed7a9503d5ff377aa4882dd6d175f07cad28cdb21da0", size = 25717996, upload-time = "2025-06-06T08:49:13.208Z" },
    { url = "https://files.pythonhosted.org/packages/52/b3/0839d8fd18b86362a4de384740f2f6b6885b5d06fda7720f8a335425e316/pyqt6-6.9.1-cp39-abi3-win_arm64.whl", hash = "sha256:08792c72d130a02e3248a120f0b9bbb4bf4319095f92865bc5b365b00518f53d", size = 25212132, upload-time = "2025-06-06T08:49:27.41Z" },
]

[[package]]
name = "pyqt6-qt6"
version = "6.9.1"
source = { registry = "https://pypi.org/simple" }
wheels = [
    { url = "https://files.pythonhosted.org/packages/51/40/04f652e714f85ba6b0c24f4ead860f2c5769f9e64737f415524d792d5914/pyqt6_qt6-6.9.1-py3-none-macosx_10_14_x86_64.whl", hash = "sha256:3854c7f83ee4e8c2d91e23ab88b77f90e2ca7ace34fe72f634a446959f2b4d4a", size = 66236777, upload-time = "2025-06-03T14:53:17.684Z" },
    { url = "https://files.pythonhosted.org/packages/57/31/e4fa40568a59953ce5cf9a5adfbd1be4a806dafd94e39072d3cc0bed5468/pyqt6_qt6-6.9.1-py3-none-macosx_11_0_arm64.whl", hash = "sha256:123e4aeb037c099bb4696a3ea8edcb1d9d62cedd0b2b950556b26024c97f3293", size = 60551574, upload-time = "2025-06-03T14:53:48.42Z" },
    { url = "https://files.pythonhosted.org/packages/aa/8d/7c8073cbbefe9c103ec8add70f29ffee1db95a3755b429b9f47cd6afa41b/pyqt6_qt6-6.9.1-py3-none-manylinux_2_28_x86_64.whl", hash = "sha256:cc5bd193ebd2d1a3ec66e1eee65bf532d762c239459bce1ecebf56177243e89b", size = 82000130, upload-time = "2025-06-03T14:54:26.585Z" },
    { url = "https://files.pythonhosted.org/packages/1e/60/a4ab932028b0c15c0501cb52eb1e7f24f4ce2e4c78d46c7cce58a375a88c/pyqt6_qt6-6.9.1-py3-none-manylinux_2_39_aarch64.whl", hash = "sha256:b065af7243d1d450a49470a8185301196a18b1d41085d3ef476eb55bbb225083", size = 80463127, upload-time = "2025-06-03T14:55:03.272Z" },
    { url = "https://files.pythonhosted.org/packages/e7/85/552710819019a96d39d924071324a474aec54b31c410d7de8ebb398adcc1/pyqt6_qt6-6.9.1-py3-none-win_amd64.whl", hash = "sha256:f9e54c424bc921ecb76792a75d123e4ecfc26b00b0c57dae526f41f1d57951d3", size = 73778423, upload-time = "2025-06-03T14:55:39.756Z" },
    { url = "https://files.pythonhosted.org/packages/16/b4/70f6b18a4913f2326dcf7acb15c12cc0b91cb3932c2ba3b5728811f22acd/pyqt6_qt6-6.9.1-py3-none-win_arm64.whl", hash = "sha256:432caaedf5570bc8a9b7c75bc6af6a26bf88589536472eca73417ac019f59d41", size = 49617924, upload-time = "2025-06-03T14:57:13.038Z" },
]

[[package]]
name = "pyqt6-sip"
version = "13.10.0"
source = { registry = "https://pypi.org/simple" }
sdist = { url = "https://files.pythonhosted.org/packages/90/18/0405c54acba0c8e276dd6f0601890e6e735198218d031a6646104870fe22/pyqt6_sip-13.10.0.tar.gz", hash = "sha256:d6daa95a0bd315d9ec523b549e0ce97455f61ded65d5eafecd83ed2aa4ae5350", size = 92464, upload-time = "2025-02-02T17:14:05.839Z" }
wheels = [
    { url = "https://files.pythonhosted.org/packages/69/81/66d9bdacb790592a0641378749a047f12e3b254cdc2cb51f7ed636cf01d2/PyQt6_sip-13.10.0-cp312-cp312-macosx_10_9_universal2.whl", hash = "sha256:48791db2914fc39c3218519a02d2a5fd3fcd354a1be3141a57bf2880701486f2", size = 112334, upload-time = "2025-02-02T17:13:40.663Z" },
    { url = "https://files.pythonhosted.org/packages/26/2c/4796c209009a018e0d4a5c406d5a519234c5a378f370dc679d0ad5f455b2/PyQt6_sip-13.10.0-cp312-cp312-manylinux_2_17_aarch64.manylinux2014_aarch64.whl", hash = "sha256:466d6b4791973c9fcbdc2e0087ed194b9ea802a8c3948867a849498f0841c70c", size = 322334, upload-time = "2025-02-02T17:13:42.688Z" },
    { url = "https://files.pythonhosted.org/packages/99/34/2ec54bd475f0a811df1d32be485f2344cf9e8b388ce7adb26b46ce5552d4/PyQt6_sip-13.10.0-cp312-cp312-manylinux_2_5_x86_64.manylinux1_x86_64.whl", hash = "sha256:ae15358941f127cd3d1ab09c1ebd45c4dabb0b2e91587b9eebde0279d0039c54", size = 303798, upload-time = "2025-02-02T17:13:46.366Z" },
    { url = "https://files.pythonhosted.org/packages/0c/e4/82099bb4ab8bc152b5718541e93c0b3adf7566c0f307c9e58e2368b8c517/PyQt6_sip-13.10.0-cp312-cp312-win_amd64.whl", hash = "sha256:ad573184fa8b00041944e5a17d150ab0d08db2d2189e39c9373574ebab3f2e58", size = 53569, upload-time = "2025-02-02T17:13:47.502Z" },
    { url = "https://files.pythonhosted.org/packages/e3/09/90e0378887a3cb9664da77061229cf8e97e6ec25a5611b7dbc9cc3e02c78/PyQt6_sip-13.10.0-cp312-cp312-win_arm64.whl", hash = "sha256:2d579d810d0047d40bde9c6aef281d6ed218db93c9496ebc9e55b9e6f27a229d", size = 45430, upload-time = "2025-02-02T17:13:48.619Z" },
    { url = "https://files.pythonhosted.org/packages/6b/0c/8d1de48b45b565a46bf4757341f13f9b1853a7d2e6b023700f0af2c213ab/PyQt6_sip-13.10.0-cp313-cp313-macosx_10_13_universal2.whl", hash = "sha256:7b6e250c2e7c14702a623f2cc1479d7fb8db2b6eee9697cac10d06fe79c281bb", size = 112343, upload-time = "2025-02-02T17:13:49.605Z" },
    { url = "https://files.pythonhosted.org/packages/af/13/e2cc2b667a9f5d44c2d0e18fa6e1066fca3f4521dcb301f4b5374caeb33e/PyQt6_sip-13.10.0-cp313-cp313-manylinux_2_17_aarch64.manylinux2014_aarch64.whl", hash = "sha256:0fcb30756568f8cd59290f9ef2ae5ee3e72ff9cdd61a6f80c9e3d3b95ae676be", size = 322527, upload-time = "2025-02-02T17:13:50.779Z" },
    { url = "https://files.pythonhosted.org/packages/20/1a/5c6fcae85edb65cf236c9dc6d23b279b5316e94cdca1abdee6d0a217ddbb/PyQt6_sip-13.10.0-cp313-cp313-manylinux_2_5_x86_64.manylinux1_x86_64.whl", hash = "sha256:757ac52c92b2ef0b56ecc7cd763b55a62d3c14271d7ea8d03315af85a70090ff", size = 303407, upload-time = "2025-02-02T17:13:52.733Z" },
    { url = "https://files.pythonhosted.org/packages/b9/db/6924ec985be7d746772806b96ab81d24263ef72f0249f0573a82adaed75e/PyQt6_sip-13.10.0-cp313-cp313-win_amd64.whl", hash = "sha256:571900c44a3e38738d696234d94fe2043972b9de0633505451c99e2922cb6a34", size = 53580, upload-time = "2025-02-02T17:13:54.98Z" },
    { url = "https://files.pythonhosted.org/packages/77/c3/9e44729b582ee7f1d45160e8c292723156889f3e38ce6574f88d5ab8fa02/PyQt6_sip-13.10.0-cp313-cp313-win_arm64.whl", hash = "sha256:39cba2cc71cf80a99b4dc8147b43508d4716e128f9fb99f5eb5860a37f082282", size = 45446, upload-time = "2025-02-02T17:13:57.135Z" },
]

[[package]]
name = "some-asm"
version = "0.1.0"
source = { virtual = "." }
dependencies = [
    { name = "libsass" },
    { name = "pyqt6" },
]

[package.metadata]
requires-dist = [
    { name = "libsass", specifier = ">=0.23.0" },
    { name = "pyqt6", specifier = ">=6.9.1" },
]
